
Microsoft Visual Studio Solution File, Format Version 12.00
Project("{FAE04EC0-301F-11D3-BF4B-00C04F79EFBC}") = "MycoMgmt.API", "MycoMgmt.API\MycoMgmt.API.csproj", "{323B2CCD-EF27-496F-957E-2FF353B85865}"
EndProject
Project("{FAE04EC0-301F-11D3-BF4B-00C04F79EFBC}") = "MycoMgmt.Web", "MycoMgmt.Web\MycoMgmt.Web.csproj", "{FB050D32-A508-4430-9A90-FFF3380F3905}"
EndProject
Project("{FAE04EC0-301F-11D3-BF4B-00C04F79EFBC}") = "MycoMgmt.Domain", "MycoMgmt.Domain\MycoMgmt.Domain.csproj", "{B336DE0E-4A9B-498D-A8FD-080B4DC88125}"
EndProject
Global
	GlobalSection(SolutionConfigurationPlatforms) = preSolution
		Debug|Any CPU = Debug|Any CPU
		Release|Any CPU = Release|Any CPU
	EndGlobalSection
	GlobalSection(ProjectConfigurationPlatforms) = postSolution
		{323B2CCD-EF27-496F-957E-2FF353B85865}.Debug|Any CPU.ActiveCfg = Debug|Any CPU
		{323B2CCD-EF27-496F-957E-2FF353B85865}.Debug|Any CPU.Build.0 = Debug|Any CPU
		{323B2CCD-EF27-496F-957E-2FF353B85865}.Release|Any CPU.ActiveCfg = Release|Any CPU
		{323B2CCD-EF27-496F-957E-2FF353B85865}.Release|Any CPU.Build.0 = Release|Any CPU
		{FB050D32-A508-4430-9A90-FFF3380F3905}.Debug|Any CPU.ActiveCfg = Debug|Any CPU
		{FB050D32-A508-4430-9A90-FFF3380F3905}.Debug|Any CPU.Build.0 = Debug|Any CPU
		{FB050D32-A508-4430-9A90-FFF3380F3905}.Release|Any CPU.ActiveCfg = Release|Any CPU
		{FB050D32-A508-4430-9A90-FFF3380F3905}.Release|Any CPU.Build.0 = Release|Any CPU
		{B336DE0E-4A9B-498D-A8FD-080B4DC88125}.Debug|Any CPU.ActiveCfg = Debug|Any CPU
		{B336DE0E-4A9B-498D-A8FD-080B4DC88125}.Debug|Any CPU.Build.0 = Debug|Any CPU
		{B336DE0E-4A9B-498D-A8FD-080B4DC88125}.Release|Any CPU.ActiveCfg = Release|Any CPU
		{B336DE0E-4A9B-498D-A8FD-080B4DC88125}.Release|Any CPU.Build.0 = Release|Any CPU
	EndGlobalSection
EndGlobal
